{
  "name": "professional-services-medical-web",
  "version": "0.1.0",
  "lockfileVersion": 3,
  "requires": true,
  "packages": {
    "": {
      "name": "professional-services-medical-web",
      "version": "0.1.0",
      "engines": {
        "node": "24.19.0",
        "npm": "11.17.0"
      }
    }
  }
}
